// !$*UTF8*$!
{
	archiveVersion = 1;
	classes = {
	};
	objectVersion = 46;
	objects = {

/* Begin PBXBuildFile section */
		22035DE01EA7A3C2003920FA /* NSBundle+ECCommandLine.h in Headers */ = {isa = PBXBuildFile; fileRef = 22035DDC1EA7A3C2003920FA /* NSBundle+ECCommandLine.h */; };
		22035DE11EA7A3C2003920FA /* NSBundle+ECCommandLine.h in Headers */ = {isa = PBXBuildFile; fileRef = 22035DDC1EA7A3C2003920FA /* NSBundle+ECCommandLine.h */; };
		22035DE21EA7A3C2003920FA /* NSBundle+ECCommandLine.m in Sources */ = {isa = PBXBuildFile; fileRef = 22035DDD1EA7A3C2003920FA /* NSBundle+ECCommandLine.m */; };
		22035DE31EA7A3C2003920FA /* NSBundle+ECCommandLine.m in Sources */ = {isa = PBXBuildFile; fileRef = 22035DDD1EA7A3C2003920FA /* NSBundle+ECCommandLine.m */; };
		22035DE41EA7A3C2003920FA /* NSDictionary+ECCommandLine.h in Headers */ = {isa = PBXBuildFile; fileRef = 22035DDE1EA7A3C2003920FA /* NSDictionary+ECCommandLine.h */; };
		22035DE51EA7A3C2003920FA /* NSDictionary+ECCommandLine.h in Headers */ = {isa = PBXBuildFile; fileRef = 22035DDE1EA7A3C2003920FA /* NSDictionary+ECCommandLine.h */; };
		22035DE61EA7A3C2003920FA /* NSDictionary+ECCommandLine.m in Sources */ = {isa = PBXBuildFile; fileRef = 22035DDF1EA7A3C2003920FA /* NSDictionary+ECCommandLine.m */; };
		22035DE71EA7A3C2003920FA /* NSDictionary+ECCommandLine.m in Sources */ = {isa = PBXBuildFile; fileRef = 22035DDF1EA7A3C2003920FA /* NSDictionary+ECCommandLine.m */; };
		2207E4C8176875520003F042 /* ECCommandLineMain.h in Headers */ = {isa = PBXBuildFile; fileRef = 2207E4C6176875520003F042 /* ECCommandLineMain.h */; settings = {ATTRIBUTES = (Public, ); }; };
		2207E4C9176875520003F042 /* ECCommandLineMain.m in Sources */ = {isa = PBXBuildFile; fileRef = 2207E4C7176875520003F042 /* ECCommandLineMain.m */; };
		220EF34E17F42FBE00F5FA8A /* ECCommandLineEngineDelegate.h in Headers */ = {isa = PBXBuildFile; fileRef = 220EF34D17F42FBE00F5FA8A /* ECCommandLineEngineDelegate.h */; settings = {ATTRIBUTES = (Public, ); }; };
		2230CDA4176366AA0026AA5E /* ECCommandLineCommand.h in Headers */ = {isa = PBXBuildFile; fileRef = 2230CDA2176366AA0026AA5E /* ECCommandLineCommand.h */; settings = {ATTRIBUTES = (Public, ); }; };
		2230CDA5176366AA0026AA5E /* ECCommandLineCommand.m in Sources */ = {isa = PBXBuildFile; fileRef = 2230CDA3176366AA0026AA5E /* ECCommandLineCommand.m */; };
		2230CDAE17637D970026AA5E /* ECCommandLineOption.h in Headers */ = {isa = PBXBuildFile; fileRef = 2230CDAC17637D970026AA5E /* ECCommandLineOption.h */; settings = {ATTRIBUTES = (Public, ); }; };
		2230CDAF17637D970026AA5E /* ECCommandLineOption.m in Sources */ = {isa = PBXBuildFile; fileRef = 2230CDAD17637D970026AA5E /* ECCommandLineOption.m */; };
		22381E021A6C2FF0000AD60A /* ECCommandLineCommand.m in Sources */ = {isa = PBXBuildFile; fileRef = 2230CDA3176366AA0026AA5E /* ECCommandLineCommand.m */; };
		22381E031A6C2FF3000AD60A /* ECCommandLineHelpCommand.m in Sources */ = {isa = PBXBuildFile; fileRef = 225DECC517649ADE000056F4 /* ECCommandLineHelpCommand.m */; };
		22381E041A6C2FFA000AD60A /* ECCommandLineMain.m in Sources */ = {isa = PBXBuildFile; fileRef = 2207E4C7176875520003F042 /* ECCommandLineMain.m */; };
		22381E051A6C2FFA000AD60A /* ECCommandLineMissingClassCommand.m in Sources */ = {isa = PBXBuildFile; fileRef = 22664DFD1763AF2600D6439D /* ECCommandLineMissingClassCommand.m */; };
		22381E061A6C2FFA000AD60A /* ECCommandLineOption.m in Sources */ = {isa = PBXBuildFile; fileRef = 2230CDAD17637D970026AA5E /* ECCommandLineOption.m */; };
		22381E071A6C2FFA000AD60A /* ECCommandLineResult.m in Sources */ = {isa = PBXBuildFile; fileRef = 22664DF91763AD6500D6439D /* ECCommandLineResult.m */; };
		22381E081A6C2FFA000AD60A /* ECCommandLineEngine.m in Sources */ = {isa = PBXBuildFile; fileRef = 229628F617634465008D887F /* ECCommandLineEngine.m */; };
		22381E091A6C2FFF000AD60A /* ECCommandLineEngineDelegate.h in Headers */ = {isa = PBXBuildFile; fileRef = 220EF34D17F42FBE00F5FA8A /* ECCommandLineEngineDelegate.h */; settings = {ATTRIBUTES = (Public, ); }; };
		22381E0A1A6C2FFF000AD60A /* ECCommandLine.h in Headers */ = {isa = PBXBuildFile; fileRef = 229628F11763442D008D887F /* ECCommandLine.h */; settings = {ATTRIBUTES = (Public, ); }; };
		22381E0B1A6C2FFF000AD60A /* ECCommandLineCommand.h in Headers */ = {isa = PBXBuildFile; fileRef = 2230CDA2176366AA0026AA5E /* ECCommandLineCommand.h */; settings = {ATTRIBUTES = (Public, ); }; };
		22381E0C1A6C2FFF000AD60A /* ECCommandLineHelpCommand.h in Headers */ = {isa = PBXBuildFile; fileRef = 225DECC417649ADE000056F4 /* ECCommandLineHelpCommand.h */; settings = {ATTRIBUTES = (Public, ); }; };
		22381E0D1A6C2FFF000AD60A /* ECCommandLineMain.h in Headers */ = {isa = PBXBuildFile; fileRef = 2207E4C6176875520003F042 /* ECCommandLineMain.h */; settings = {ATTRIBUTES = (Public, ); }; };
		22381E0E1A6C2FFF000AD60A /* ECCommandLineMissingClassCommand.h in Headers */ = {isa = PBXBuildFile; fileRef = 22664DFC1763AF2600D6439D /* ECCommandLineMissingClassCommand.h */; settings = {ATTRIBUTES = (Public, ); }; };
		22381E0F1A6C2FFF000AD60A /* ECCommandLineOption.h in Headers */ = {isa = PBXBuildFile; fileRef = 2230CDAC17637D970026AA5E /* ECCommandLineOption.h */; settings = {ATTRIBUTES = (Public, ); }; };
		22381E101A6C2FFF000AD60A /* ECCommandLineResult.h in Headers */ = {isa = PBXBuildFile; fileRef = 22664DF81763AD6400D6439D /* ECCommandLineResult.h */; settings = {ATTRIBUTES = (Public, ); }; };
		22381E111A6C2FFF000AD60A /* ECCommandLineEngine.h in Headers */ = {isa = PBXBuildFile; fileRef = 229628F517634465008D887F /* ECCommandLineEngine.h */; settings = {ATTRIBUTES = (Public, ); }; };
		22381E151A6C3101000AD60A /* ECLogging.framework in Frameworks */ = {isa = PBXBuildFile; fileRef = 22381E141A6C3101000AD60A /* ECLogging.framework */; };
		225DECC617649ADE000056F4 /* ECCommandLineHelpCommand.h in Headers */ = {isa = PBXBuildFile; fileRef = 225DECC417649ADE000056F4 /* ECCommandLineHelpCommand.h */; settings = {ATTRIBUTES = (Public, ); }; };
		225DECC717649ADE000056F4 /* ECCommandLineHelpCommand.m in Sources */ = {isa = PBXBuildFile; fileRef = 225DECC517649ADE000056F4 /* ECCommandLineHelpCommand.m */; };
		22664DFA1763AD6500D6439D /* ECCommandLineResult.h in Headers */ = {isa = PBXBuildFile; fileRef = 22664DF81763AD6400D6439D /* ECCommandLineResult.h */; settings = {ATTRIBUTES = (Public, ); }; };
		22664DFB1763AD6500D6439D /* ECCommandLineResult.m in Sources */ = {isa = PBXBuildFile; fileRef = 22664DF91763AD6500D6439D /* ECCommandLineResult.m */; };
		22664DFE1763AF2600D6439D /* ECCommandLineMissingClassCommand.h in Headers */ = {isa = PBXBuildFile; fileRef = 22664DFC1763AF2600D6439D /* ECCommandLineMissingClassCommand.h */; settings = {ATTRIBUTES = (Public, ); }; };
		22664DFF1763AF2600D6439D /* ECCommandLineMissingClassCommand.m in Sources */ = {isa = PBXBuildFile; fileRef = 22664DFD1763AF2600D6439D /* ECCommandLineMissingClassCommand.m */; };
		229628F31763442D008D887F /* ECCommandLine.h in Headers */ = {isa = PBXBuildFile; fileRef = 229628F11763442D008D887F /* ECCommandLine.h */; settings = {ATTRIBUTES = (Public, ); }; };
		229628F817634465008D887F /* ECCommandLineEngine.h in Headers */ = {isa = PBXBuildFile; fileRef = 229628F517634465008D887F /* ECCommandLineEngine.h */; settings = {ATTRIBUTES = (Public, ); }; };
		229628FB17634465008D887F /* ECCommandLineEngine.m in Sources */ = {isa = PBXBuildFile; fileRef = 229628F617634465008D887F /* ECCommandLineEngine.m */; };
		22C2DB5E14FB9ADC005D2E89 /* Test.bundle in Resources */ = {isa = PBXBuildFile; fileRef = 22C2DB5D14FB9ADC005D2E89 /* Test.bundle */; };
		22C4FB341791C4CD00F33FB2 /* libECCommandLine.a in Frameworks */ = {isa = PBXBuildFile; fileRef = 2296287117621E33008D887F /* libECCommandLine.a */; };
		22C4FB391791C56A00F33FB2 /* Tests.m in Sources */ = {isa = PBXBuildFile; fileRef = 22C4FB381791C56A00F33FB2 /* Tests.m */; };
		22C4FB3B1791C59D00F33FB2 /* ECUnitTests.framework in Frameworks */ = {isa = PBXBuildFile; fileRef = 22C4FB3A1791C59D00F33FB2 /* ECUnitTests.framework */; };
		22C775F71D107F2D007FDD5D /* Help.txt in Resources */ = {isa = PBXBuildFile; fileRef = 22C775F61D107F2D007FDD5D /* Help.txt */; };
		22C8B768182D3C71003EA301 /* libECLogging.a in Frameworks */ = {isa = PBXBuildFile; fileRef = 2230CDA717636BE30026AA5E /* libECLogging.a */; };
		22D0BEFF1AF1742A00AE043D /* main.m in Sources */ = {isa = PBXBuildFile; fileRef = 22D0BEF31AF173CE00AE043D /* main.m */; };
		22D0BF001AF1744600AE043D /* ECCommandLineExampleCommand.m in Sources */ = {isa = PBXBuildFile; fileRef = 22D0BEEF1AF173CE00AE043D /* ECCommandLineExampleCommand.m */; };
		22D0BF021AF174AA00AE043D /* libECCommandLine.a in Frameworks */ = {isa = PBXBuildFile; fileRef = 2296287117621E33008D887F /* libECCommandLine.a */; };
		22D0BF041AF174B200AE043D /* libECLogging.a in Frameworks */ = {isa = PBXBuildFile; fileRef = 22D0BF031AF174B200AE043D /* libECLogging.a */; };
/* End PBXBuildFile section */

/* Begin PBXContainerItemProxy section */
		223721571D23E68800C61CC1 /* PBXContainerItemProxy */ = {
			isa = PBXContainerItemProxy;
			containerPortal = 0867D690FE84028FC02AAC07 /* Project object */;
			proxyType = 1;
			remoteGlobalIDString = 22D0BEF71AF173DF00AE043D;
			remoteInfo = ECCommandLineExample;
		};
/* End PBXContainerItemProxy section */

/* Begin PBXCopyFilesBuildPhase section */
		22D0BEF61AF173DF00AE043D /* CopyFiles */ = {
			isa = PBXCopyFilesBuildPhase;
			buildActionMask = 2147483647;
			dstPath = /usr/share/man/man1/;
			dstSubfolderSpec = 0;
			files = (
			);
			runOnlyForDeploymentPostprocessing = 1;
		};
/* End PBXCopyFilesBuildPhase section */

/* Begin PBXFileReference section */
		22035DDC1EA7A3C2003920FA /* NSBundle+ECCommandLine.h */ = {isa = PBXFileReference; fileEncoding = 4; lastKnownFileType = sourcecode.c.h; path = "NSBundle+ECCommandLine.h"; sourceTree = "<group>"; };
		22035DDD1EA7A3C2003920FA /* NSBundle+ECCommandLine.m */ = {isa = PBXFileReference; fileEncoding = 4; lastKnownFileType = sourcecode.c.objc; path = "NSBundle+ECCommandLine.m"; sourceTree = "<group>"; };
		22035DDE1EA7A3C2003920FA /* NSDictionary+ECCommandLine.h */ = {isa = PBXFileReference; fileEncoding = 4; lastKnownFileType = sourcecode.c.h; path = "NSDictionary+ECCommandLine.h"; sourceTree = "<group>"; };
		22035DDF1EA7A3C2003920FA /* NSDictionary+ECCommandLine.m */ = {isa = PBXFileReference; fileEncoding = 4; lastKnownFileType = sourcecode.c.objc; path = "NSDictionary+ECCommandLine.m"; sourceTree = "<group>"; };
		2207E4C6176875520003F042 /* ECCommandLineMain.h */ = {isa = PBXFileReference; fileEncoding = 4; lastKnownFileType = sourcecode.c.h; path = ECCommandLineMain.h; sourceTree = "<group>"; };
		2207E4C7176875520003F042 /* ECCommandLineMain.m */ = {isa = PBXFileReference; fileEncoding = 4; lastKnownFileType = sourcecode.c.objc; path = ECCommandLineMain.m; sourceTree = "<group>"; };
		220EF34D17F42FBE00F5FA8A /* ECCommandLineEngineDelegate.h */ = {isa = PBXFileReference; fileEncoding = 4; lastKnownFileType = sourcecode.c.h; lineEnding = 0; path = ECCommandLineEngineDelegate.h; sourceTree = "<group>"; xcLanguageSpecificationIdentifier = xcode.lang.objcpp; };
		2230CDA2176366AA0026AA5E /* ECCommandLineCommand.h */ = {isa = PBXFileReference; fileEncoding = 4; lastKnownFileType = sourcecode.c.h; lineEnding = 0; path = ECCommandLineCommand.h; sourceTree = "<group>"; xcLanguageSpecificationIdentifier = xcode.lang.objcpp; };
		2230CDA3176366AA0026AA5E /* ECCommandLineCommand.m */ = {isa = PBXFileReference; fileEncoding = 4; lastKnownFileType = sourcecode.c.objc; lineEnding = 0; path = ECCommandLineCommand.m; sourceTree = "<group>"; xcLanguageSpecificationIdentifier = xcode.lang.objc; };
		2230CDA717636BE30026AA5E /* libECLogging.a */ = {isa = PBXFileReference; lastKnownFileType = archive.ar; path = libECLogging.a; sourceTree = BUILT_PRODUCTS_DIR; };
		2230CDAC17637D970026AA5E /* ECCommandLineOption.h */ = {isa = PBXFileReference; fileEncoding = 4; lastKnownFileType = sourcecode.c.h; lineEnding = 0; path = ECCommandLineOption.h; sourceTree = "<group>"; xcLanguageSpecificationIdentifier = xcode.lang.objcpp; };
		2230CDAD17637D970026AA5E /* ECCommandLineOption.m */ = {isa = PBXFileReference; fileEncoding = 4; lastKnownFileType = sourcecode.c.objc; lineEnding = 0; path = ECCommandLineOption.m; sourceTree = "<group>"; xcLanguageSpecificationIdentifier = xcode.lang.objc; };
		22381DE91A6C2FA9000AD60A /* ECCommandLine.framework */ = {isa = PBXFileReference; explicitFileType = wrapper.framework; includeInIndex = 0; path = ECCommandLine.framework; sourceTree = BUILT_PRODUCTS_DIR; };
		22381E121A6C305B000AD60A /* MacDebug.xcconfig */ = {isa = PBXFileReference; lastKnownFileType = text.xcconfig; path = MacDebug.xcconfig; sourceTree = "<group>"; };
		22381E131A6C305B000AD60A /* MacRelease.xcconfig */ = {isa = PBXFileReference; lastKnownFileType = text.xcconfig; path = MacRelease.xcconfig; sourceTree = "<group>"; };
		22381E141A6C3101000AD60A /* ECLogging.framework */ = {isa = PBXFileReference; lastKnownFileType = wrapper.framework; name = ECLogging.framework; path = "../../../../../../Library/Developer/Xcode/DerivedData/Workflow-dbsiypdiqaexddevshljlitkdapc/Build/Products/Debug/ECLogging.framework"; sourceTree = "<group>"; };
		22381E181A6C40E7000AD60A /* ECCommandLine.modulemap */ = {isa = PBXFileReference; lastKnownFileType = "sourcecode.module-map"; path = ECCommandLine.modulemap; sourceTree = "<group>"; };
		225DECC417649ADE000056F4 /* ECCommandLineHelpCommand.h */ = {isa = PBXFileReference; fileEncoding = 4; lastKnownFileType = sourcecode.c.h; lineEnding = 0; path = ECCommandLineHelpCommand.h; sourceTree = "<group>"; xcLanguageSpecificationIdentifier = xcode.lang.objcpp; };
		225DECC517649ADE000056F4 /* ECCommandLineHelpCommand.m */ = {isa = PBXFileReference; fileEncoding = 4; lastKnownFileType = sourcecode.c.objc; lineEnding = 0; path = ECCommandLineHelpCommand.m; sourceTree = "<group>"; xcLanguageSpecificationIdentifier = xcode.lang.objc; };
		2260A31215DFD96D0057C9DA /* MacUnitTestDebug.xcconfig */ = {isa = PBXFileReference; lastKnownFileType = text.xcconfig; path = MacUnitTestDebug.xcconfig; sourceTree = "<group>"; };
		2260A31315DFD96D0057C9DA /* MacUnitTestRelease.xcconfig */ = {isa = PBXFileReference; lastKnownFileType = text.xcconfig; path = MacUnitTestRelease.xcconfig; sourceTree = "<group>"; };
		2260A39615DFDC600057C9DA /* Shared.xcconfig */ = {isa = PBXFileReference; lastKnownFileType = text.xcconfig; path = Shared.xcconfig; sourceTree = "<group>"; };
		2260A3AC15DFEF4F0057C9DA /* Info.plist */ = {isa = PBXFileReference; lastKnownFileType = text.plist.xml; name = Info.plist; path = Resources/Info.plist; sourceTree = SOURCE_ROOT; };
		22664DF81763AD6400D6439D /* ECCommandLineResult.h */ = {isa = PBXFileReference; fileEncoding = 4; lastKnownFileType = sourcecode.c.h; lineEnding = 0; path = ECCommandLineResult.h; sourceTree = "<group>"; xcLanguageSpecificationIdentifier = xcode.lang.objcpp; };
		22664DF91763AD6500D6439D /* ECCommandLineResult.m */ = {isa = PBXFileReference; fileEncoding = 4; lastKnownFileType = sourcecode.c.objc; lineEnding = 0; path = ECCommandLineResult.m; sourceTree = "<group>"; xcLanguageSpecificationIdentifier = xcode.lang.objc; };
		22664DFC1763AF2600D6439D /* ECCommandLineMissingClassCommand.h */ = {isa = PBXFileReference; fileEncoding = 4; lastKnownFileType = sourcecode.c.h; lineEnding = 0; path = ECCommandLineMissingClassCommand.h; sourceTree = "<group>"; xcLanguageSpecificationIdentifier = xcode.lang.objcpp; };
		22664DFD1763AF2600D6439D /* ECCommandLineMissingClassCommand.m */ = {isa = PBXFileReference; fileEncoding = 4; lastKnownFileType = sourcecode.c.objc; lineEnding = 0; path = ECCommandLineMissingClassCommand.m; sourceTree = "<group>"; xcLanguageSpecificationIdentifier = xcode.lang.objc; };
		226C205C14FBCB8F00D2751B /* Scripts */ = {isa = PBXFileReference; lastKnownFileType = folder; path = Scripts; sourceTree = "<group>"; };
		2283A3F514F52EC0009142F7 /* ECCommandLineTests.xctest */ = {isa = PBXFileReference; explicitFileType = wrapper.cfbundle; includeInIndex = 0; path = ECCommandLineTests.xctest; sourceTree = BUILT_PRODUCTS_DIR; };
		229230EF1D1A81DB00CB4B4E /* ECCommandLine.pch */ = {isa = PBXFileReference; lastKnownFileType = sourcecode.c.h; name = ECCommandLine.pch; path = Prefix/ECCommandLine.pch; sourceTree = "<group>"; };
		2296287117621E33008D887F /* libECCommandLine.a */ = {isa = PBXFileReference; explicitFileType = archive.ar; includeInIndex = 0; path = libECCommandLine.a; sourceTree = BUILT_PRODUCTS_DIR; };
		2296287C17621E73008D887F /* MacDebugStatic.xcconfig */ = {isa = PBXFileReference; lastKnownFileType = text.xcconfig; path = MacDebugStatic.xcconfig; sourceTree = "<group>"; };
		2296287D17621E73008D887F /* MacReleaseStatic.xcconfig */ = {isa = PBXFileReference; lastKnownFileType = text.xcconfig; path = MacReleaseStatic.xcconfig; sourceTree = "<group>"; };
		229628F11763442D008D887F /* ECCommandLine.h */ = {isa = PBXFileReference; fileEncoding = 4; lastKnownFileType = sourcecode.c.h; name = ECCommandLine.h; path = Generic/ECCommandLine.h; sourceTree = "<group>"; };
		229628F517634465008D887F /* ECCommandLineEngine.h */ = {isa = PBXFileReference; fileEncoding = 4; lastKnownFileType = sourcecode.c.h; path = ECCommandLineEngine.h; sourceTree = "<group>"; };
		229628F617634465008D887F /* ECCommandLineEngine.m */ = {isa = PBXFileReference; fileEncoding = 4; lastKnownFileType = sourcecode.c.objc; path = ECCommandLineEngine.m; sourceTree = "<group>"; };
		22C2DB5D14FB9ADC005D2E89 /* Test.bundle */ = {isa = PBXFileReference; lastKnownFileType = "wrapper.plug-in"; name = Test.bundle; path = ../ECLogging/Resources/Test.bundle; sourceTree = SOURCE_ROOT; };
		22C4FB381791C56A00F33FB2 /* Tests.m */ = {isa = PBXFileReference; fileEncoding = 4; lastKnownFileType = sourcecode.c.objc; path = Tests.m; sourceTree = "<group>"; };
		22C4FB3A1791C59D00F33FB2 /* ECUnitTests.framework */ = {isa = PBXFileReference; lastKnownFileType = wrapper.framework; name = ECUnitTests.framework; path = "../../../../../../../../../../../castor/Caches/DerivedData/ECIntegration-fbajcwyruhnhxzgnphlhxaexutkp/Build/Products/Debug/ECUnitTests.framework"; sourceTree = "<group>"; };
		22C4FB3C1791C5AB00F33FB2 /* ECLogging.framework */ = {isa = PBXFileReference; lastKnownFileType = wrapper.framework; name = ECLogging.framework; path = "../../../../../../../../../../../castor/Caches/DerivedData/ECIntegration-fbajcwyruhnhxzgnphlhxaexutkp/Build/Products/Debug/ECLogging.framework"; sourceTree = "<group>"; };
		22C4FB3E1791C5C000F33FB2 /* Cocoa.framework */ = {isa = PBXFileReference; lastKnownFileType = wrapper.framework; name = Cocoa.framework; path = System/Library/Frameworks/Cocoa.framework; sourceTree = SDKROOT; };
		22C775F41D107B51007FDD5D /* UnitTestShared.xcconfig */ = {isa = PBXFileReference; lastKnownFileType = text.xcconfig; path = UnitTestShared.xcconfig; sourceTree = "<group>"; };
		22C775F51D107BB1007FDD5D /* ECCommandLineTests.pch */ = {isa = PBXFileReference; lastKnownFileType = sourcecode.c.h; path = ECCommandLineTests.pch; sourceTree = "<group>"; };
		22C775F61D107F2D007FDD5D /* Help.txt */ = {isa = PBXFileReference; fileEncoding = 4; lastKnownFileType = text; name = Help.txt; path = Tests/Help.txt; sourceTree = SOURCE_ROOT; };
		22C8B76B182D3CB8003EA301 /* IOKit.framework */ = {isa = PBXFileReference; lastKnownFileType = wrapper.framework; name = IOKit.framework; path = System/Library/Frameworks/IOKit.framework; sourceTree = SDKROOT; };
		22D0BEED1AF173CE00AE043D /* ECCommandLineExample.xcconfig */ = {isa = PBXFileReference; lastKnownFileType = text.xcconfig; path = ECCommandLineExample.xcconfig; sourceTree = "<group>"; };
		22D0BEEE1AF173CE00AE043D /* ECCommandLineExampleCommand.h */ = {isa = PBXFileReference; lastKnownFileType = sourcecode.c.h; path = ECCommandLineExampleCommand.h; sourceTree = "<group>"; };
		22D0BEEF1AF173CE00AE043D /* ECCommandLineExampleCommand.m */ = {isa = PBXFileReference; lastKnownFileType = sourcecode.c.objc; path = ECCommandLineExampleCommand.m; sourceTree = "<group>"; };
		22D0BEF01AF173CE00AE043D /* ECCommandLineExampleDebug.xcconfig */ = {isa = PBXFileReference; lastKnownFileType = text.xcconfig; path = ECCommandLineExampleDebug.xcconfig; sourceTree = "<group>"; };
		22D0BEF11AF173CE00AE043D /* ECCommandLineExampleRelease.xcconfig */ = {isa = PBXFileReference; lastKnownFileType = text.xcconfig; path = ECCommandLineExampleRelease.xcconfig; sourceTree = "<group>"; };
		22D0BEF21AF173CE00AE043D /* Info.plist */ = {isa = PBXFileReference; lastKnownFileType = text.plist.xml; path = Info.plist; sourceTree = "<group>"; };
		22D0BEF31AF173CE00AE043D /* main.m */ = {isa = PBXFileReference; lastKnownFileType = sourcecode.c.objc; path = main.m; sourceTree = "<group>"; };
		22D0BEF81AF173DF00AE043D /* ECCommandLineExample */ = {isa = PBXFileReference; explicitFileType = "compiled.mach-o.executable"; includeInIndex = 0; path = ECCommandLineExample; sourceTree = BUILT_PRODUCTS_DIR; };
		22D0BF031AF174B200AE043D /* libECLogging.a */ = {isa = PBXFileReference; lastKnownFileType = archive.ar; name = libECLogging.a; path = ../ECLogging/build/Debug/libECLogging.a; sourceTree = "<group>"; };
/* End PBXFileReference section */

/* Begin PBXFrameworksBuildPhase section */
		22381DE51A6C2FA9000AD60A /* Frameworks */ = {
			isa = PBXFrameworksBuildPhase;
			buildActionMask = 2147483647;
			files = (
				22381E151A6C3101000AD60A /* ECLogging.framework in Frameworks */,
			);
			runOnlyForDeploymentPostprocessing = 0;
		};
		2283A3F114F52EC0009142F7 /* Frameworks */ = {
			isa = PBXFrameworksBuildPhase;
			buildActionMask = 2147483647;
			files = (
				22C8B768182D3C71003EA301 /* libECLogging.a in Frameworks */,
				22C4FB341791C4CD00F33FB2 /* libECCommandLine.a in Frameworks */,
				22C4FB3B1791C59D00F33FB2 /* ECUnitTests.framework in Frameworks */,
			);
			runOnlyForDeploymentPostprocessing = 0;
		};
		2296286E17621E33008D887F /* Frameworks */ = {
			isa = PBXFrameworksBuildPhase;
			buildActionMask = 2147483647;
			files = (
			);
			runOnlyForDeploymentPostprocessing = 0;
		};
		22D0BEF51AF173DF00AE043D /* Frameworks */ = {
			isa = PBXFrameworksBuildPhase;
			buildActionMask = 2147483647;
			files = (
				22D0BF041AF174B200AE043D /* libECLogging.a in Frameworks */,
				22D0BF021AF174AA00AE043D /* libECCommandLine.a in Frameworks */,
			);
			runOnlyForDeploymentPostprocessing = 0;
		};
/* End PBXFrameworksBuildPhase section */

/* Begin PBXGroup section */
		034768DFFF38A50411DB9C8B /* Products */ = {
			isa = PBXGroup;
			children = (
				2283A3F514F52EC0009142F7 /* ECCommandLineTests.xctest */,
				2296287117621E33008D887F /* libECCommandLine.a */,
				22381DE91A6C2FA9000AD60A /* ECCommandLine.framework */,
				22D0BEF81AF173DF00AE043D /* ECCommandLineExample */,
			);
			name = Products;
			sourceTree = "<group>";
		};
		0867D691FE84028FC02AAC07 /* ECFoundation */ = {
			isa = PBXGroup;
			children = (
				2260A30B15DFD8FB0057C9DA /* Source */,
				22C4FB371791C56A00F33FB2 /* Tests */,
				089C1665FE841158C02AAC07 /* Resources */,
				22D0BEEC1AF173CE00AE043D /* Example */,
				226C205C14FBCB8F00D2751B /* Scripts */,
				0867D69AFE84028FC02AAC07 /* Frameworks */,
				034768DFFF38A50411DB9C8B /* Products */,
			);
			name = ECFoundation;
			sourceTree = "<group>";
			usesTabs = 1;
		};
		0867D69AFE84028FC02AAC07 /* Frameworks */ = {
			isa = PBXGroup;
			children = (
				22D0BF031AF174B200AE043D /* libECLogging.a */,
				22381E141A6C3101000AD60A /* ECLogging.framework */,
				22C8B76B182D3CB8003EA301 /* IOKit.framework */,
				22C4FB3E1791C5C000F33FB2 /* Cocoa.framework */,
				22C4FB3C1791C5AB00F33FB2 /* ECLogging.framework */,
				22C4FB3A1791C59D00F33FB2 /* ECUnitTests.framework */,
				2230CDA717636BE30026AA5E /* libECLogging.a */,
			);
			name = Frameworks;
			sourceTree = "<group>";
		};
		089C1665FE841158C02AAC07 /* Resources */ = {
			isa = PBXGroup;
			children = (
				2260A3AC15DFEF4F0057C9DA /* Info.plist */,
			);
			path = Resources;
			sourceTree = "<group>";
		};
		2210B5D41152E630006C6CCA /* Configuration */ = {
			isa = PBXGroup;
			children = (
				22381E121A6C305B000AD60A /* MacDebug.xcconfig */,
				22381E131A6C305B000AD60A /* MacRelease.xcconfig */,
				2296287C17621E73008D887F /* MacDebugStatic.xcconfig */,
				2296287D17621E73008D887F /* MacReleaseStatic.xcconfig */,
				2260A39615DFDC600057C9DA /* Shared.xcconfig */,
			);
			path = Configuration;
			sourceTree = "<group>";
		};
		2260A30B15DFD8FB0057C9DA /* Source */ = {
			isa = PBXGroup;
			children = (
				229628F11763442D008D887F /* ECCommandLine.h */,
				22381E181A6C40E7000AD60A /* ECCommandLine.modulemap */,
				229230EF1D1A81DB00CB4B4E /* ECCommandLine.pch */,
				2210B5D41152E630006C6CCA /* Configuration */,
				22CA555E13DA09FF007E89E2 /* Generic */,
			);
			path = Source;
			sourceTree = "<group>";
		};
		22C4FB371791C56A00F33FB2 /* Tests */ = {
			isa = PBXGroup;
			children = (
				22C775F51D107BB1007FDD5D /* ECCommandLineTests.pch */,
				2260A31215DFD96D0057C9DA /* MacUnitTestDebug.xcconfig */,
				2260A31315DFD96D0057C9DA /* MacUnitTestRelease.xcconfig */,
				22C775F41D107B51007FDD5D /* UnitTestShared.xcconfig */,
				22C4FB381791C56A00F33FB2 /* Tests.m */,
				22C775F81D107F5C007FDD5D /* Resources */,
			);
			path = Tests;
			sourceTree = "<group>";
		};
		22C775F81D107F5C007FDD5D /* Resources */ = {
			isa = PBXGroup;
			children = (
				22C2DB5D14FB9ADC005D2E89 /* Test.bundle */,
				22C775F61D107F2D007FDD5D /* Help.txt */,
			);
			name = Resources;
			sourceTree = "<group>";
		};
		22CA555E13DA09FF007E89E2 /* Generic */ = {
			isa = PBXGroup;
			children = (
				2230CDA2176366AA0026AA5E /* ECCommandLineCommand.h */,
				2230CDA3176366AA0026AA5E /* ECCommandLineCommand.m */,
				229628F517634465008D887F /* ECCommandLineEngine.h */,
				229628F617634465008D887F /* ECCommandLineEngine.m */,
				220EF34D17F42FBE00F5FA8A /* ECCommandLineEngineDelegate.h */,
				225DECC417649ADE000056F4 /* ECCommandLineHelpCommand.h */,
				225DECC517649ADE000056F4 /* ECCommandLineHelpCommand.m */,
				2207E4C6176875520003F042 /* ECCommandLineMain.h */,
				2207E4C7176875520003F042 /* ECCommandLineMain.m */,
				22664DFC1763AF2600D6439D /* ECCommandLineMissingClassCommand.h */,
				22664DFD1763AF2600D6439D /* ECCommandLineMissingClassCommand.m */,
				2230CDAC17637D970026AA5E /* ECCommandLineOption.h */,
				2230CDAD17637D970026AA5E /* ECCommandLineOption.m */,
				22664DF81763AD6400D6439D /* ECCommandLineResult.h */,
				22664DF91763AD6500D6439D /* ECCommandLineResult.m */,
				22035DDC1EA7A3C2003920FA /* NSBundle+ECCommandLine.h */,
				22035DDD1EA7A3C2003920FA /* NSBundle+ECCommandLine.m */,
				22035DDE1EA7A3C2003920FA /* NSDictionary+ECCommandLine.h */,
				22035DDF1EA7A3C2003920FA /* NSDictionary+ECCommandLine.m */,
			);
			path = Generic;
			sourceTree = "<group>";
		};
		22D0BEEC1AF173CE00AE043D /* Example */ = {
			isa = PBXGroup;
			children = (
				22D0BEED1AF173CE00AE043D /* ECCommandLineExample.xcconfig */,
				22D0BEEE1AF173CE00AE043D /* ECCommandLineExampleCommand.h */,
				22D0BEEF1AF173CE00AE043D /* ECCommandLineExampleCommand.m */,
				22D0BEF01AF173CE00AE043D /* ECCommandLineExampleDebug.xcconfig */,
				22D0BEF11AF173CE00AE043D /* ECCommandLineExampleRelease.xcconfig */,
				22D0BEF21AF173CE00AE043D /* Info.plist */,
				22D0BEF31AF173CE00AE043D /* main.m */,
			);
			path = Example;
			sourceTree = "<group>";
		};
/* End PBXGroup section */

/* Begin PBXHeadersBuildPhase section */
		22381DE61A6C2FA9000AD60A /* Headers */ = {
			isa = PBXHeadersBuildPhase;
			buildActionMask = 2147483647;
			files = (
				22381E0A1A6C2FFF000AD60A /* ECCommandLine.h in Headers */,
				22381E101A6C2FFF000AD60A /* ECCommandLineResult.h in Headers */,
				22381E0B1A6C2FFF000AD60A /* ECCommandLineCommand.h in Headers */,
				22035DE51EA7A3C2003920FA /* NSDictionary+ECCommandLine.h in Headers */,
				22381E091A6C2FFF000AD60A /* ECCommandLineEngineDelegate.h in Headers */,
				22035DE11EA7A3C2003920FA /* NSBundle+ECCommandLine.h in Headers */,
				22381E0D1A6C2FFF000AD60A /* ECCommandLineMain.h in Headers */,
				22381E0F1A6C2FFF000AD60A /* ECCommandLineOption.h in Headers */,
				22381E0E1A6C2FFF000AD60A /* ECCommandLineMissingClassCommand.h in Headers */,
				22381E111A6C2FFF000AD60A /* ECCommandLineEngine.h in Headers */,
				22381E0C1A6C2FFF000AD60A /* ECCommandLineHelpCommand.h in Headers */,
			);
			runOnlyForDeploymentPostprocessing = 0;
		};
		2296286F17621E33008D887F /* Headers */ = {
			isa = PBXHeadersBuildPhase;
			buildActionMask = 2147483647;
			files = (
				2207E4C8176875520003F042 /* ECCommandLineMain.h in Headers */,
				220EF34E17F42FBE00F5FA8A /* ECCommandLineEngineDelegate.h in Headers */,
				229628F31763442D008D887F /* ECCommandLine.h in Headers */,
				22035DE41EA7A3C2003920FA /* NSDictionary+ECCommandLine.h in Headers */,
				229628F817634465008D887F /* ECCommandLineEngine.h in Headers */,
				22035DE01EA7A3C2003920FA /* NSBundle+ECCommandLine.h in Headers */,
				2230CDA4176366AA0026AA5E /* ECCommandLineCommand.h in Headers */,
				2230CDAE17637D970026AA5E /* ECCommandLineOption.h in Headers */,
				22664DFA1763AD6500D6439D /* ECCommandLineResult.h in Headers */,
				22664DFE1763AF2600D6439D /* ECCommandLineMissingClassCommand.h in Headers */,
				225DECC617649ADE000056F4 /* ECCommandLineHelpCommand.h in Headers */,
			);
			runOnlyForDeploymentPostprocessing = 0;
		};
/* End PBXHeadersBuildPhase section */

/* Begin PBXNativeTarget section */
		22381DE81A6C2FA9000AD60A /* ECCommandLine */ = {
			isa = PBXNativeTarget;
			buildConfigurationList = 22381DFC1A6C2FA9000AD60A /* Build configuration list for PBXNativeTarget "ECCommandLine" */;
			buildPhases = (
				22381DE41A6C2FA9000AD60A /* Sources */,
				22381DE51A6C2FA9000AD60A /* Frameworks */,
				22381DE61A6C2FA9000AD60A /* Headers */,
				22381DE71A6C2FA9000AD60A /* Resources */,
			);
			buildRules = (
			);
			dependencies = (
			);
			name = ECCommandLine;
			productName = ECCommandLine;
			productReference = 22381DE91A6C2FA9000AD60A /* ECCommandLine.framework */;
			productType = "com.apple.product-type.framework";
		};
		2283A3F414F52EC0009142F7 /* ECCommandLineTests */ = {
			isa = PBXNativeTarget;
			buildConfigurationList = 2283A40814F52EC0009142F7 /* Build configuration list for PBXNativeTarget "ECCommandLineTests" */;
			buildPhases = (
				2283A3F014F52EC0009142F7 /* Sources */,
				2283A3F114F52EC0009142F7 /* Frameworks */,
				2283A3F214F52EC0009142F7 /* Resources */,
			);
			buildRules = (
			);
			dependencies = (
				223721581D23E68800C61CC1 /* PBXTargetDependency */,
			);
			name = ECCommandLineTests;
			productName = libECCoreMacTests;
			productReference = 2283A3F514F52EC0009142F7 /* ECCommandLineTests.xctest */;
			productType = "com.apple.product-type.bundle.unit-test";
		};
		2296287017621E33008D887F /* ECCommandLineStatic */ = {
			isa = PBXNativeTarget;
			buildConfigurationList = 2296287B17621E33008D887F /* Build configuration list for PBXNativeTarget "ECCommandLineStatic" */;
			buildPhases = (
				2296286D17621E33008D887F /* Sources */,
				2296286E17621E33008D887F /* Frameworks */,
				2296286F17621E33008D887F /* Headers */,
				22BBECCD1D199879003B79CA /* Package Module */,
			);
			buildRules = (
			);
			dependencies = (
			);
			name = ECCommandLineStatic;
			productName = ECCoreMacStatic;
			productReference = 2296287117621E33008D887F /* libECCommandLine.a */;
			productType = "com.apple.product-type.library.static";
		};
		22D0BEF71AF173DF00AE043D /* ECCommandLineExample */ = {
			isa = PBXNativeTarget;
			buildConfigurationList = 22D0BEFC1AF173DF00AE043D /* Build configuration list for PBXNativeTarget "ECCommandLineExample" */;
			buildPhases = (
				22D0BF011AF1748600AE043D /* Update Version */,
				22D0BEF41AF173DF00AE043D /* Sources */,
				22D0BEF51AF173DF00AE043D /* Frameworks */,
				22D0BEF61AF173DF00AE043D /* CopyFiles */,
			);
			buildRules = (
			);
			dependencies = (
			);
			name = ECCommandLineExample;
			productName = Example2;
			productReference = 22D0BEF81AF173DF00AE043D /* ECCommandLineExample */;
			productType = "com.apple.product-type.tool";
		};
/* End PBXNativeTarget section */

/* Begin PBXProject section */
		0867D690FE84028FC02AAC07 /* Project object */ = {
			isa = PBXProject;
			attributes = {
				LastUpgradeCheck = 0900;
				ORGANIZATIONNAME = "Elegant Chaos";
				TargetAttributes = {
					22381DE81A6C2FA9000AD60A = {
						CreatedOnToolsVersion = 6.1.1;
					};
					2283A3F414F52EC0009142F7 = {
						LastSwiftMigration = 0900;
					};
					2296287017621E33008D887F = {
						LastSwiftMigration = 0900;
					};
					22D0BEF71AF173DF00AE043D = {
						CreatedOnToolsVersion = 6.3;
						LastSwiftMigration = 0900;
					};
				};
			};
			buildConfigurationList = 1DEB91B108733DA50010E9CD /* Build configuration list for PBXProject "ECCommandLine" */;
			compatibilityVersion = "Xcode 3.2";
			developmentRegion = English;
			hasScannedForEncodings = 1;
			knownRegions = (
				English,
				Japanese,
				French,
				German,
				en,
				ec,
			);
			mainGroup = 0867D691FE84028FC02AAC07 /* ECFoundation */;
			productRefGroup = 034768DFFF38A50411DB9C8B /* Products */;
			projectDirPath = "";
			projectRoot = "";
			targets = (
				2296287017621E33008D887F /* ECCommandLineStatic */,
				22381DE81A6C2FA9000AD60A /* ECCommandLine */,
				2283A3F414F52EC0009142F7 /* ECCommandLineTests */,
				22D0BEF71AF173DF00AE043D /* ECCommandLineExample */,
			);
		};
/* End PBXProject section */

/* Begin PBXResourcesBuildPhase section */
		22381DE71A6C2FA9000AD60A /* Resources */ = {
			isa = PBXResourcesBuildPhase;
			buildActionMask = 2147483647;
			files = (
			);
			runOnlyForDeploymentPostprocessing = 0;
		};
		2283A3F214F52EC0009142F7 /* Resources */ = {
			isa = PBXResourcesBuildPhase;
			buildActionMask = 2147483647;
			files = (
				22C2DB5E14FB9ADC005D2E89 /* Test.bundle in Resources */,
				22C775F71D107F2D007FDD5D /* Help.txt in Resources */,
			);
			runOnlyForDeploymentPostprocessing = 0;
		};
/* End PBXResourcesBuildPhase section */

/* Begin PBXShellScriptBuildPhase section */
		22BBECCD1D199879003B79CA /* Package Module */ = {
			isa = PBXShellScriptBuildPhase;
			buildActionMask = 2147483647;
			files = (
			);
			inputPaths = (
			);
			name = "Package Module";
			outputPaths = (
			);
			runOnlyForDeploymentPostprocessing = 0;
			shellPath = /bin/sh;
			shellScript = "${ECLOGGING_SCRIPT_PATH}/package-mac-static-library.sh";
			showEnvVarsInLog = 0;
		};
		22D0BF011AF1748600AE043D /* Update Version */ = {
			isa = PBXShellScriptBuildPhase;
			buildActionMask = 2147483647;
			files = (
			);
			inputPaths = (
			);
			name = "Update Version";
			outputPaths = (
			);
			runOnlyForDeploymentPostprocessing = 0;
			shellPath = /bin/sh;
			shellScript = "mkdir -p \"${TEMP_DIR}\"\n\n# copy the info plist into the build products dir - the linker will pick up this version\nTEMP_INFO=\"${TEMP_DIR}/Info.plist\"\ncp \"${SOURCE_ROOT}/Example/Info.plist\" \"${TEMP_INFO}\"\n\n/usr/libexec/PlistBuddy -c \"Set :CFBundleExecutable $EXECUTABLE_NAME\" \"${TEMP_INFO}\"\n/usr/libexec/PlistBuddy -c \"Set :CFBundleName $PRODUCT_NAME\" \"${TEMP_INFO}\"\n\n# update the version information in the copy\n\"${SOURCE_ROOT}/../ECLogging/Extras/Scripts/update-version.sh\" \"${TEMP_INFO}\" \"${TOOL_VERSION}\"\n";
		};
/* End PBXShellScriptBuildPhase section */

/* Begin PBXSourcesBuildPhase section */
		22381DE41A6C2FA9000AD60A /* Sources */ = {
			isa = PBXSourcesBuildPhase;
			buildActionMask = 2147483647;
			files = (
				22035DE71EA7A3C2003920FA /* NSDictionary+ECCommandLine.m in Sources */,
				22381E031A6C2FF3000AD60A /* ECCommandLineHelpCommand.m in Sources */,
				22381E041A6C2FFA000AD60A /* ECCommandLineMain.m in Sources */,
				22381E061A6C2FFA000AD60A /* ECCommandLineOption.m in Sources */,
				22035DE31EA7A3C2003920FA /* NSBundle+ECCommandLine.m in Sources */,
				22381E021A6C2FF0000AD60A /* ECCommandLineCommand.m in Sources */,
				22381E081A6C2FFA000AD60A /* ECCommandLineEngine.m in Sources */,
				22381E071A6C2FFA000AD60A /* ECCommandLineResult.m in Sources */,
				22381E051A6C2FFA000AD60A /* ECCommandLineMissingClassCommand.m in Sources */,
			);
			runOnlyForDeploymentPostprocessing = 0;
		};
		2283A3F014F52EC0009142F7 /* Sources */ = {
			isa = PBXSourcesBuildPhase;
			buildActionMask = 2147483647;
			files = (
				22C4FB391791C56A00F33FB2 /* Tests.m in Sources */,
			);
			runOnlyForDeploymentPostprocessing = 0;
		};
		2296286D17621E33008D887F /* Sources */ = {
			isa = PBXSourcesBuildPhase;
			buildActionMask = 2147483647;
			files = (
				22035DE61EA7A3C2003920FA /* NSDictionary+ECCommandLine.m in Sources */,
				229628FB17634465008D887F /* ECCommandLineEngine.m in Sources */,
				2230CDA5176366AA0026AA5E /* ECCommandLineCommand.m in Sources */,
				2230CDAF17637D970026AA5E /* ECCommandLineOption.m in Sources */,
				22035DE21EA7A3C2003920FA /* NSBundle+ECCommandLine.m in Sources */,
				22664DFB1763AD6500D6439D /* ECCommandLineResult.m in Sources */,
				2207E4C9176875520003F042 /* ECCommandLineMain.m in Sources */,
				22664DFF1763AF2600D6439D /* ECCommandLineMissingClassCommand.m in Sources */,
				225DECC717649ADE000056F4 /* ECCommandLineHelpCommand.m in Sources */,
			);
			runOnlyForDeploymentPostprocessing = 0;
		};
		22D0BEF41AF173DF00AE043D /* Sources */ = {
			isa = PBXSourcesBuildPhase;
			buildActionMask = 2147483647;
			files = (
				22D0BF001AF1744600AE043D /* ECCommandLineExampleCommand.m in Sources */,
				22D0BEFF1AF1742A00AE043D /* main.m in Sources */,
			);
			runOnlyForDeploymentPostprocessing = 0;
		};
/* End PBXSourcesBuildPhase section */

/* Begin PBXTargetDependency section */
		223721581D23E68800C61CC1 /* PBXTargetDependency */ = {
			isa = PBXTargetDependency;
			target = 22D0BEF71AF173DF00AE043D /* ECCommandLineExample */;
			targetProxy = 223721571D23E68800C61CC1 /* PBXContainerItemProxy */;
		};
/* End PBXTargetDependency section */

/* Begin XCBuildConfiguration section */
		1DEB91B208733DA50010E9CD /* Debug */ = {
			isa = XCBuildConfiguration;
			buildSettings = {
			};
			name = Debug;
		};
		1DEB91B308733DA50010E9CD /* Release */ = {
			isa = XCBuildConfiguration;
			buildSettings = {
			};
			name = Release;
		};
		22381DFD1A6C2FA9000AD60A /* Debug */ = {
			isa = XCBuildConfiguration;
			baseConfigurationReference = 22381E121A6C305B000AD60A /* MacDebug.xcconfig */;
			buildSettings = {
			};
			name = Debug;
		};
		22381DFE1A6C2FA9000AD60A /* Release */ = {
			isa = XCBuildConfiguration;
			baseConfigurationReference = 22381E131A6C305B000AD60A /* MacRelease.xcconfig */;
			buildSettings = {
			};
			name = Release;
		};
		2283A40914F52EC0009142F7 /* Debug */ = {
			isa = XCBuildConfiguration;
			baseConfigurationReference = 2260A31215DFD96D0057C9DA /* MacUnitTestDebug.xcconfig */;
			buildSettings = {
			};
			name = Debug;
		};
		2283A40A14F52EC0009142F7 /* Release */ = {
			isa = XCBuildConfiguration;
			baseConfigurationReference = 2260A31315DFD96D0057C9DA /* MacUnitTestRelease.xcconfig */;
			buildSettings = {
			};
			name = Release;
		};
		2296287917621E33008D887F /* Debug */ = {
			isa = XCBuildConfiguration;
			baseConfigurationReference = 2296287C17621E73008D887F /* MacDebugStatic.xcconfig */;
			buildSettings = {
			};
			name = Debug;
		};
		2296287A17621E33008D887F /* Release */ = {
			isa = XCBuildConfiguration;
			baseConfigurationReference = 2296287D17621E73008D887F /* MacReleaseStatic.xcconfig */;
			buildSettings = {
			};
			name = Release;
		};
		22D0BEFD1AF173DF00AE043D /* Debug */ = {
			isa = XCBuildConfiguration;
			baseConfigurationReference = 22D0BEF01AF173CE00AE043D /* ECCommandLineExampleDebug.xcconfig */;
			buildSettings = {
			};
			name = Debug;
		};
		22D0BEFE1AF173DF00AE043D /* Release */ = {
			isa = XCBuildConfiguration;
			baseConfigurationReference = 22D0BEF11AF173CE00AE043D /* ECCommandLineExampleRelease.xcconfig */;
			buildSettings = {
			};
			name = Release;
		};
/* End XCBuildConfiguration section */

/* Begin XCConfigurationList section */
		1DEB91B108733DA50010E9CD /* Build configuration list for PBXProject "ECCommandLine" */ = {
			isa = XCConfigurationList;
			buildConfigurations = (
				1DEB91B208733DA50010E9CD /* Debug */,
				1DEB91B308733DA50010E9CD /* Release */,
			);
			defaultConfigurationIsVisible = 0;
			defaultConfigurationName = Debug;
		};
		22381DFC1A6C2FA9000AD60A /* Build configuration list for PBXNativeTarget "ECCommandLine" */ = {
			isa = XCConfigurationList;
			buildConfigurations = (
				22381DFD1A6C2FA9000AD60A /* Debug */,
				22381DFE1A6C2FA9000AD60A /* Release */,
			);
			defaultConfigurationIsVisible = 0;
			defaultConfigurationName = Debug;
		};
		2283A40814F52EC0009142F7 /* Build configuration list for PBXNativeTarget "ECCommandLineTests" */ = {
			isa = XCConfigurationList;
			buildConfigurations = (
				2283A40914F52EC0009142F7 /* Debug */,
				2283A40A14F52EC0009142F7 /* Release */,
			);
			defaultConfigurationIsVisible = 0;
			defaultConfigurationName = Debug;
		};
		2296287B17621E33008D887F /* Build configuration list for PBXNativeTarget "ECCommandLineStatic" */ = {
			isa = XCConfigurationList;
			buildConfigurations = (
				2296287917621E33008D887F /* Debug */,
				2296287A17621E33008D887F /* Release */,
			);
			defaultConfigurationIsVisible = 0;
			defaultConfigurationName = Debug;
		};
		22D0BEFC1AF173DF00AE043D /* Build configuration list for PBXNativeTarget "ECCommandLineExample" */ = {
			isa = XCConfigurationList;
			buildConfigurations = (
				22D0BEFD1AF173DF00AE043D /* Debug */,
				22D0BEFE1AF173DF00AE043D /* Release */,
			);
			defaultConfigurationIsVisible = 0;
			defaultConfigurationName = Debug;
		};
/* End XCConfigurationList section */
	};
	rootObject = 0867D690FE84028FC02AAC07 /* Project object */;
}
